filippo.io/edwards25519 v1.0.0-alpha.2 h1:EWbZLqGEPSIj2W69gx04KtNVkyPIfe3uj0DhDQJonbQ=
filippo.io/edwards25519 v1.0.0-alpha.2/go.mod h1:X+pm78QAUPtFLi1z9PYIlS/bdDnvbCOGKtZ+ACWEf7o=
filippo.io/edwards25519 v1.0.0-beta.2 h1:/BZRNzm8N4K4eWfK28dL4yescorxtO7YG1yun8fy+pI=
filippo.io/edwards25519 v1.0.0-beta.2/go.mod h1:X+pm78QAUPtFLi1z9PYIlS/bdDnvbCOGKtZ+ACWEf7o=
